
Microsoft Visual Studio Solution File, Format Version 12.00
# Visual Studio Version 17
VisualStudioVersion = 17.12.35707.178
MinimumVisualStudioVersion = 10.0.40219.1
Project("{8BC9CEB8-8B4A-11D0-8D11-00A0C91BC942}") = "S01", "S01\S01.vcxproj", "{D5EFBBF3-4DC4-4363-A514-8CE7372585D0}"
	ProjectSection(ProjectDependencies) = postProject
		{64CAE395-5F96-4D22-8453-DEDC39483D7A} = {64CAE395-5F96-4D22-8453-DEDC39483D7A}
	EndProjectSection
EndProject
Project("{8BC9CEB8-8B4A-11D0-8D11-00A0C91BC942}") = "Shared", "Shared\Shared.vcxproj", "{64CAE395-5F96-4D22-8453-DEDC39483D7A}"
EndProject
Project("{8BC9CEB8-8B4A-11D0-8D11-00A0C91BC942}") = "S02", "S02\S02.vcxproj", "{AE470275-8F09-4E8E-94CF-CE0E9EBF71E6}"
	ProjectSection(ProjectDependencies) = postProject
		{64CAE395-5F96-4D22-8453-DEDC39483D7A} = {64CAE395-5F96-4D22-8453-DEDC39483D7A}
	EndProjectSection
EndProject
Project("{8BC9CEB8-8B4A-11D0-8D11-00A0C91BC942}") = "S03", "S03\S03.vcxproj", "{F2D7CD38-089B-4718-B878-8C4082FEF7DC}"
	ProjectSection(ProjectDependencies) = postProject
		{64CAE395-5F96-4D22-8453-DEDC39483D7A} = {64CAE395-5F96-4D22-8453-DEDC39483D7A}
	EndProjectSection
EndProject
Project("{8BC9CEB8-8B4A-11D0-8D11-00A0C91BC942}") = "S04", "S04\S04.vcxproj", "{3F35C91E-AEEA-452C-B45A-FFA33B29C2EC}"
EndProject
Project("{8BC9CEB8-8B4A-11D0-8D11-00A0C91BC942}") = "S05", "S05\S05.vcxproj", "{E104FBB1-3632-4A62-895B-8E42C5537F8F}"
EndProject
Project("{8BC9CEB8-8B4A-11D0-8D11-00A0C91BC942}") = "S06", "S06\S06.vcxproj", "{48D3DCC1-DE87-4FF0-A443-EC65F9481889}"
EndProject
Project("{8BC9CEB8-8B4A-11D0-8D11-00A0C91BC942}") = "S07_Test", "S07_Test\S07_Test.vcxproj", "{78C0D78D-61EB-4369-B212-AB49305869E5}"
EndProject
Project("{8BC9CEB8-8B4A-11D0-8D11-00A0C91BC942}") = "S08", "S08\S08.vcxproj", "{F1478DC3-FFD8-4D1F-AB6D-89570C2FC94C}"
EndProject
Project("{8BC9CEB8-8B4A-11D0-8D11-00A0C91BC942}") = "S09", "S09\S09.vcxproj", "{5146EEC6-3345-4726-9DAB-28791DCFCAF8}"
EndProject
Project("{8BC9CEB8-8B4A-11D0-8D11-00A0C91BC942}") = "S11", "S11\S11.vcxproj", "{36AFF0A3-09D8-40C5-829F-DF52C090E1C1}"
EndProject
Project("{8BC9CEB8-8B4A-11D0-8D11-00A0C91BC942}") = "S12", "S12\S12.vcxproj", "{A1A5BCAB-FD1B-4131-8385-74610F68AAEA}"
EndProject
Global
	GlobalSection(SolutionConfigurationPlatforms) = preSolution
		Debug|x64 = Debug|x64
		Debug|x86 = Debug|x86
		Release|x64 = Release|x64
		Release|x86 = Release|x86
	EndGlobalSection
	GlobalSection(ProjectConfigurationPlatforms) = postSolution
		{D5EFBBF3-4DC4-4363-A514-8CE7372585D0}.Debug|x64.ActiveCfg = Debug|x64
		{D5EFBBF3-4DC4-4363-A514-8CE7372585D0}.Debug|x64.Build.0 = Debug|x64
		{D5EFBBF3-4DC4-4363-A514-8CE7372585D0}.Debug|x86.ActiveCfg = Debug|Win32
		{D5EFBBF3-4DC4-4363-A514-8CE7372585D0}.Debug|x86.Build.0 = Debug|Win32
		{D5EFBBF3-4DC4-4363-A514-8CE7372585D0}.Release|x64.ActiveCfg = Release|x64
		{D5EFBBF3-4DC4-4363-A514-8CE7372585D0}.Release|x64.Build.0 = Release|x64
		{D5EFBBF3-4DC4-4363-A514-8CE7372585D0}.Release|x86.ActiveCfg = Release|Win32
		{D5EFBBF3-4DC4-4363-A514-8CE7372585D0}.Release|x86.Build.0 = Release|Win32
		{64CAE395-5F96-4D22-8453-DEDC39483D7A}.Debug|x64.ActiveCfg = Debug|x64
		{64CAE395-5F96-4D22-8453-DEDC39483D7A}.Debug|x64.Build.0 = Debug|x64
		{64CAE395-5F96-4D22-8453-DEDC39483D7A}.Debug|x86.ActiveCfg = Debug|Win32
		{64CAE395-5F96-4D22-8453-DEDC39483D7A}.Debug|x86.Build.0 = Debug|Win32
		{64CAE395-5F96-4D22-8453-DEDC39483D7A}.Release|x64.ActiveCfg = Release|x64
		{64CAE395-5F96-4D22-8453-DEDC39483D7A}.Release|x64.Build.0 = Release|x64
		{64CAE395-5F96-4D22-8453-DEDC39483D7A}.Release|x86.ActiveCfg = Release|Win32
		{64CAE395-5F96-4D22-8453-DEDC39483D7A}.Release|x86.Build.0 = Release|Win32
		{AE470275-8F09-4E8E-94CF-CE0E9EBF71E6}.Debug|x64.ActiveCfg = Debug|x64
		{AE470275-8F09-4E8E-94CF-CE0E9EBF71E6}.Debug|x64.Build.0 = Debug|x64
		{AE470275-8F09-4E8E-94CF-CE0E9EBF71E6}.Debug|x86.ActiveCfg = Debug|Win32
		{AE470275-8F09-4E8E-94CF-CE0E9EBF71E6}.Debug|x86.Build.0 = Debug|Win32
		{AE470275-8F09-4E8E-94CF-CE0E9EBF71E6}.Release|x64.ActiveCfg = Release|x64
		{AE470275-8F09-4E8E-94CF-CE0E9EBF71E6}.Release|x64.Build.0 = Release|x64
		{AE470275-8F09-4E8E-94CF-CE0E9EBF71E6}.Release|x86.ActiveCfg = Release|Win32
		{AE470275-8F09-4E8E-94CF-CE0E9EBF71E6}.Release|x86.Build.0 = Release|Win32
		{F2D7CD38-089B-4718-B878-8C4082FEF7DC}.Debug|x64.ActiveCfg = Debug|x64
		{F2D7CD38-089B-4718-B878-8C4082FEF7DC}.Debug|x64.Build.0 = Debug|x64
		{F2D7CD38-089B-4718-B878-8C4082FEF7DC}.Debug|x86.ActiveCfg = Debug|Win32
		{F2D7CD38-089B-4718-B878-8C4082FEF7DC}.Debug|x86.Build.0 = Debug|Win32
		{F2D7CD38-089B-4718-B878-8C4082FEF7DC}.Release|x64.ActiveCfg = Release|x64
		{F2D7CD38-089B-4718-B878-8C4082FEF7DC}.Release|x64.Build.0 = Release|x64
		{F2D7CD38-089B-4718-B878-8C4082FEF7DC}.Release|x86.ActiveCfg = Release|Win32
		{F2D7CD38-089B-4718-B878-8C4082FEF7DC}.Release|x86.Build.0 = Release|Win32
		{3F35C91E-AEEA-452C-B45A-FFA33B29C2EC}.Debug|x64.ActiveCfg = Debug|x64
		{3F35C91E-AEEA-452C-B45A-FFA33B29C2EC}.Debug|x64.Build.0 = Debug|x64
		{3F35C91E-AEEA-452C-B45A-FFA33B29C2EC}.Debug|x86.ActiveCfg = Debug|Win32
		{3F35C91E-AEEA-452C-B45A-FFA33B29C2EC}.Debug|x86.Build.0 = Debug|Win32
		{3F35C91E-AEEA-452C-B45A-FFA33B29C2EC}.Release|x64.ActiveCfg = Release|x64
		{3F35C91E-AEEA-452C-B45A-FFA33B29C2EC}.Release|x64.Build.0 = Release|x64
		{3F35C91E-AEEA-452C-B45A-FFA33B29C2EC}.Release|x86.ActiveCfg = Release|Win32
		{3F35C91E-AEEA-452C-B45A-FFA33B29C2EC}.Release|x86.Build.0 = Release|Win32
		{E104FBB1-3632-4A62-895B-8E42C5537F8F}.Debug|x64.ActiveCfg = Debug|x64
		{E104FBB1-3632-4A62-895B-8E42C5537F8F}.Debug|x64.Build.0 = Debug|x64
		{E104FBB1-3632-4A62-895B-8E42C5537F8F}.Debug|x86.ActiveCfg = Debug|Win32
		{E104FBB1-3632-4A62-895B-8E42C5537F8F}.Debug|x86.Build.0 = Debug|Win32
		{E104FBB1-3632-4A62-895B-8E42C5537F8F}.Release|x64.ActiveCfg = Release|x64
		{E104FBB1-3632-4A62-895B-8E42C5537F8F}.Release|x64.Build.0 = Release|x64
		{E104FBB1-3632-4A62-895B-8E42C5537F8F}.Release|x86.ActiveCfg = Release|Win32
		{E104FBB1-3632-4A62-895B-8E42C5537F8F}.Release|x86.Build.0 = Release|Win32
		{48D3DCC1-DE87-4FF0-A443-EC65F9481889}.Debug|x64.ActiveCfg = Debug|x64
		{48D3DCC1-DE87-4FF0-A443-EC65F9481889}.Debug|x64.Build.0 = Debug|x64
		{48D3DCC1-DE87-4FF0-A443-EC65F9481889}.Debug|x86.ActiveCfg = Debug|Win32
		{48D3DCC1-DE87-4FF0-A443-EC65F9481889}.Debug|x86.Build.0 = Debug|Win32
		{48D3DCC1-DE87-4FF0-A443-EC65F9481889}.Release|x64.ActiveCfg = Release|x64
		{48D3DCC1-DE87-4FF0-A443-EC65F9481889}.Release|x64.Build.0 = Release|x64
		{48D3DCC1-DE87-4FF0-A443-EC65F9481889}.Release|x86.ActiveCfg = Release|Win32
		{48D3DCC1-DE87-4FF0-A443-EC65F9481889}.Release|x86.Build.0 = Release|Win32
		{78C0D78D-61EB-4369-B212-AB49305869E5}.Debug|x64.ActiveCfg = Debug|x64
		{78C0D78D-61EB-4369-B212-AB49305869E5}.Debug|x64.Build.0 = Debug|x64
		{78C0D78D-61EB-4369-B212-AB49305869E5}.Debug|x86.ActiveCfg = Debug|Win32
		{78C0D78D-61EB-4369-B212-AB49305869E5}.Debug|x86.Build.0 = Debug|Win32
		{78C0D78D-61EB-4369-B212-AB49305869E5}.Release|x64.ActiveCfg = Release|x64
		{78C0D78D-61EB-4369-B212-AB49305869E5}.Release|x64.Build.0 = Release|x64
		{78C0D78D-61EB-4369-B212-AB49305869E5}.Release|x86.ActiveCfg = Release|Win32
		{78C0D78D-61EB-4369-B212-AB49305869E5}.Release|x86.Build.0 = Release|Win32
		{F1478DC3-FFD8-4D1F-AB6D-89570C2FC94C}.Debug|x64.ActiveCfg = Debug|x64
		{F1478DC3-FFD8-4D1F-AB6D-89570C2FC94C}.Debug|x64.Build.0 = Debug|x64
		{F1478DC3-FFD8-4D1F-AB6D-89570C2FC94C}.Debug|x86.ActiveCfg = Debug|Win32
		{F1478DC3-FFD8-4D1F-AB6D-89570C2FC94C}.Debug|x86.Build.0 = Debug|Win32
		{F1478DC3-FFD8-4D1F-AB6D-89570C2FC94C}.Release|x64.ActiveCfg = Release|x64
		{F1478DC3-FFD8-4D1F-AB6D-89570C2FC94C}.Release|x64.Build.0 = Release|x64
		{F1478DC3-FFD8-4D1F-AB6D-89570C2FC94C}.Release|x86.ActiveCfg = Release|Win32
		{F1478DC3-FFD8-4D1F-AB6D-89570C2FC94C}.Release|x86.Build.0 = Release|Win32
		{5146EEC6-3345-4726-9DAB-28791DCFCAF8}.Debug|x64.ActiveCfg = Debug|x64
		{5146EEC6-3345-4726-9DAB-28791DCFCAF8}.Debug|x64.Build.0 = Debug|x64
		{5146EEC6-3345-4726-9DAB-28791DCFCAF8}.Debug|x86.ActiveCfg = Debug|Win32
		{5146EEC6-3345-4726-9DAB-28791DCFCAF8}.Debug|x86.Build.0 = Debug|Win32
		{5146EEC6-3345-4726-9DAB-28791DCFCAF8}.Release|x64.ActiveCfg = Release|x64
		{5146EEC6-3345-4726-9DAB-28791DCFCAF8}.Release|x64.Build.0 = Release|x64
		{5146EEC6-3345-4726-9DAB-28791DCFCAF8}.Release|x86.ActiveCfg = Release|Win32
		{5146EEC6-3345-4726-9DAB-28791DCFCAF8}.Release|x86.Build.0 = Release|Win32
		{36AFF0A3-09D8-40C5-829F-DF52C090E1C1}.Debug|x64.ActiveCfg = Debug|x64
		{36AFF0A3-09D8-40C5-829F-DF52C090E1C1}.Debug|x64.Build.0 = Debug|x64
		{36AFF0A3-09D8-40C5-829F-DF52C090E1C1}.Debug|x86.ActiveCfg = Debug|Win32
		{36AFF0A3-09D8-40C5-829F-DF52C090E1C1}.Debug|x86.Build.0 = Debug|Win32
		{36AFF0A3-09D8-40C5-829F-DF52C090E1C1}.Release|x64.ActiveCfg = Release|x64
		{36AFF0A3-09D8-40C5-829F-DF52C090E1C1}.Release|x64.Build.0 = Release|x64
		{36AFF0A3-09D8-40C5-829F-DF52C090E1C1}.Release|x86.ActiveCfg = Release|Win32
		{36AFF0A3-09D8-40C5-829F-DF52C090E1C1}.Release|x86.Build.0 = Release|Win32
		{A1A5BCAB-FD1B-4131-8385-74610F68AAEA}.Debug|x64.ActiveCfg = Debug|x64
		{A1A5BCAB-FD1B-4131-8385-74610F68AAEA}.Debug|x64.Build.0 = Debug|x64
		{A1A5BCAB-FD1B-4131-8385-74610F68AAEA}.Debug|x86.ActiveCfg = Debug|Win32
		{A1A5BCAB-FD1B-4131-8385-74610F68AAEA}.Debug|x86.Build.0 = Debug|Win32
		{A1A5BCAB-FD1B-4131-8385-74610F68AAEA}.Release|x64.ActiveCfg = Release|x64
		{A1A5BCAB-FD1B-4131-8385-74610F68AAEA}.Release|x64.Build.0 = Release|x64
		{A1A5BCAB-FD1B-4131-8385-74610F68AAEA}.Release|x86.ActiveCfg = Release|Win32
		{A1A5BCAB-FD1B-4131-8385-74610F68AAEA}.Release|x86.Build.0 = Release|Win32
	EndGlobalSection
	GlobalSection(SolutionProperties) = preSolution
		HideSolutionNode = FALSE
	EndGlobalSection
	GlobalSection(ExtensibilityGlobals) = postSolution
		SolutionGuid = {A18DBA8E-97B7-4E5A-BF98-A3CE500C0834}
	EndGlobalSection
EndGlobal
