
Microsoft Visual Studio Solution File, Format Version 12.00
# Visual Studio Version 17
VisualStudioVersion = 17.13.35825.156
MinimumVisualStudioVersion = 10.0.40219.1
Project("{8BC9CEB8-8B4A-11D0-8D11-00A0C91BC942}") = "S02", "S02\S02.vcxproj", "{FA3CD709-10AC-43F4-A793-F3216A1A4FB7}"
	ProjectSection(ProjectDependencies) = postProject
		{3819877B-9BB7-4990-A6DA-2B20961FEB8C} = {3819877B-9BB7-4990-A6DA-2B20961FEB8C}
	EndProjectSection
EndProject
Project("{8BC9CEB8-8B4A-11D0-8D11-00A0C91BC942}") = "Shared", "Shared\Shared.vcxproj", "{3819877B-9BB7-4990-A6DA-2B20961FEB8C}"
EndProject
Project("{8BC9CEB8-8B4A-11D0-8D11-00A0C91BC942}") = "S03", "S03\S03.vcxproj", "{6D17E934-A82D-423E-8B4B-CA587D6347BF}"
	ProjectSection(ProjectDependencies) = postProject
		{3819877B-9BB7-4990-A6DA-2B20961FEB8C} = {3819877B-9BB7-4990-A6DA-2B20961FEB8C}
	EndProjectSection
EndProject
Project("{8BC9CEB8-8B4A-11D0-8D11-00A0C91BC942}") = "S05", "S05\S05.vcxproj", "{42FF5F4C-B13D-4CAF-AA5B-BE53C5BFF58D}"
EndProject
Project("{8BC9CEB8-8B4A-11D0-8D11-00A0C91BC942}") = "S06", "S06\S06.vcxproj", "{8A370D85-2E4A-41AC-AC11-76F05596996F}"
EndProject
Project("{8BC9CEB8-8B4A-11D0-8D11-00A0C91BC942}") = "S07_Test", "S07_Test\S07_Test.vcxproj", "{0C7724D7-DCC6-4D3E-9D28-DED8637C888D}"
EndProject
Project("{8BC9CEB8-8B4A-11D0-8D11-00A0C91BC942}") = "S08", "S08\S08.vcxproj", "{4B78DA9E-10A4-4475-B785-469A274AB5C4}"
EndProject
Project("{8BC9CEB8-8B4A-11D0-8D11-00A0C91BC942}") = "S09", "S09\S09.vcxproj", "{0316A855-26D6-4E66-A656-C15805CB71A0}"
EndProject
Project("{8BC9CEB8-8B4A-11D0-8D11-00A0C91BC942}") = "S11", "S10\S10.vcxproj", "{C9C0FE76-421D-4F9F-87B6-081A0B5AFD99}"
EndProject
Project("{8BC9CEB8-8B4A-11D0-8D11-00A0C91BC942}") = "S12", "S12\S12.vcxproj", "{221594AD-C2DF-4936-AC99-089937515661}"
EndProject
Project("{8BC9CEB8-8B4A-11D0-8D11-00A0C91BC942}") = "S13_Test", "S13_Test\S13_Test.vcxproj", "{0C85F0EF-5AD6-4532-A8F2-3C2B36A671C0}"
EndProject
Global
	GlobalSection(SolutionConfigurationPlatforms) = preSolution
		Debug|x64 = Debug|x64
		Debug|x86 = Debug|x86
		Release|x64 = Release|x64
		Release|x86 = Release|x86
	EndGlobalSection
	GlobalSection(ProjectConfigurationPlatforms) = postSolution
		{FA3CD709-10AC-43F4-A793-F3216A1A4FB7}.Debug|x64.ActiveCfg = Debug|x64
		{FA3CD709-10AC-43F4-A793-F3216A1A4FB7}.Debug|x64.Build.0 = Debug|x64
		{FA3CD709-10AC-43F4-A793-F3216A1A4FB7}.Debug|x86.ActiveCfg = Debug|Win32
		{FA3CD709-10AC-43F4-A793-F3216A1A4FB7}.Debug|x86.Build.0 = Debug|Win32
		{FA3CD709-10AC-43F4-A793-F3216A1A4FB7}.Release|x64.ActiveCfg = Release|x64
		{FA3CD709-10AC-43F4-A793-F3216A1A4FB7}.Release|x64.Build.0 = Release|x64
		{FA3CD709-10AC-43F4-A793-F3216A1A4FB7}.Release|x86.ActiveCfg = Release|Win32
		{FA3CD709-10AC-43F4-A793-F3216A1A4FB7}.Release|x86.Build.0 = Release|Win32
		{3819877B-9BB7-4990-A6DA-2B20961FEB8C}.Debug|x64.ActiveCfg = Debug|x64
		{3819877B-9BB7-4990-A6DA-2B20961FEB8C}.Debug|x64.Build.0 = Debug|x64
		{3819877B-9BB7-4990-A6DA-2B20961FEB8C}.Debug|x86.ActiveCfg = Debug|Win32
		{3819877B-9BB7-4990-A6DA-2B20961FEB8C}.Debug|x86.Build.0 = Debug|Win32
		{3819877B-9BB7-4990-A6DA-2B20961FEB8C}.Release|x64.ActiveCfg = Release|x64
		{3819877B-9BB7-4990-A6DA-2B20961FEB8C}.Release|x64.Build.0 = Release|x64
		{3819877B-9BB7-4990-A6DA-2B20961FEB8C}.Release|x86.ActiveCfg = Release|Win32
		{3819877B-9BB7-4990-A6DA-2B20961FEB8C}.Release|x86.Build.0 = Release|Win32
		{6D17E934-A82D-423E-8B4B-CA587D6347BF}.Debug|x64.ActiveCfg = Debug|x64
		{6D17E934-A82D-423E-8B4B-CA587D6347BF}.Debug|x64.Build.0 = Debug|x64
		{6D17E934-A82D-423E-8B4B-CA587D6347BF}.Debug|x86.ActiveCfg = Debug|Win32
		{6D17E934-A82D-423E-8B4B-CA587D6347BF}.Debug|x86.Build.0 = Debug|Win32
		{6D17E934-A82D-423E-8B4B-CA587D6347BF}.Release|x64.ActiveCfg = Release|x64
		{6D17E934-A82D-423E-8B4B-CA587D6347BF}.Release|x64.Build.0 = Release|x64
		{6D17E934-A82D-423E-8B4B-CA587D6347BF}.Release|x86.ActiveCfg = Release|Win32
		{6D17E934-A82D-423E-8B4B-CA587D6347BF}.Release|x86.Build.0 = Release|Win32
		{42FF5F4C-B13D-4CAF-AA5B-BE53C5BFF58D}.Debug|x64.ActiveCfg = Debug|x64
		{42FF5F4C-B13D-4CAF-AA5B-BE53C5BFF58D}.Debug|x64.Build.0 = Debug|x64
		{42FF5F4C-B13D-4CAF-AA5B-BE53C5BFF58D}.Debug|x86.ActiveCfg = Debug|Win32
		{42FF5F4C-B13D-4CAF-AA5B-BE53C5BFF58D}.Debug|x86.Build.0 = Debug|Win32
		{42FF5F4C-B13D-4CAF-AA5B-BE53C5BFF58D}.Release|x64.ActiveCfg = Release|x64
		{42FF5F4C-B13D-4CAF-AA5B-BE53C5BFF58D}.Release|x64.Build.0 = Release|x64
		{42FF5F4C-B13D-4CAF-AA5B-BE53C5BFF58D}.Release|x86.ActiveCfg = Release|Win32
		{42FF5F4C-B13D-4CAF-AA5B-BE53C5BFF58D}.Release|x86.Build.0 = Release|Win32
		{8A370D85-2E4A-41AC-AC11-76F05596996F}.Debug|x64.ActiveCfg = Debug|x64
		{8A370D85-2E4A-41AC-AC11-76F05596996F}.Debug|x64.Build.0 = Debug|x64
		{8A370D85-2E4A-41AC-AC11-76F05596996F}.Debug|x86.ActiveCfg = Debug|Win32
		{8A370D85-2E4A-41AC-AC11-76F05596996F}.Debug|x86.Build.0 = Debug|Win32
		{8A370D85-2E4A-41AC-AC11-76F05596996F}.Release|x64.ActiveCfg = Release|x64
		{8A370D85-2E4A-41AC-AC11-76F05596996F}.Release|x64.Build.0 = Release|x64
		{8A370D85-2E4A-41AC-AC11-76F05596996F}.Release|x86.ActiveCfg = Release|Win32
		{8A370D85-2E4A-41AC-AC11-76F05596996F}.Release|x86.Build.0 = Release|Win32
		{0C7724D7-DCC6-4D3E-9D28-DED8637C888D}.Debug|x64.ActiveCfg = Debug|x64
		{0C7724D7-DCC6-4D3E-9D28-DED8637C888D}.Debug|x64.Build.0 = Debug|x64
		{0C7724D7-DCC6-4D3E-9D28-DED8637C888D}.Debug|x86.ActiveCfg = Debug|Win32
		{0C7724D7-DCC6-4D3E-9D28-DED8637C888D}.Debug|x86.Build.0 = Debug|Win32
		{0C7724D7-DCC6-4D3E-9D28-DED8637C888D}.Release|x64.ActiveCfg = Release|x64
		{0C7724D7-DCC6-4D3E-9D28-DED8637C888D}.Release|x64.Build.0 = Release|x64
		{0C7724D7-DCC6-4D3E-9D28-DED8637C888D}.Release|x86.ActiveCfg = Release|Win32
		{0C7724D7-DCC6-4D3E-9D28-DED8637C888D}.Release|x86.Build.0 = Release|Win32
		{4B78DA9E-10A4-4475-B785-469A274AB5C4}.Debug|x64.ActiveCfg = Debug|x64
		{4B78DA9E-10A4-4475-B785-469A274AB5C4}.Debug|x64.Build.0 = Debug|x64
		{4B78DA9E-10A4-4475-B785-469A274AB5C4}.Debug|x86.ActiveCfg = Debug|Win32
		{4B78DA9E-10A4-4475-B785-469A274AB5C4}.Debug|x86.Build.0 = Debug|Win32
		{4B78DA9E-10A4-4475-B785-469A274AB5C4}.Release|x64.ActiveCfg = Release|x64
		{4B78DA9E-10A4-4475-B785-469A274AB5C4}.Release|x64.Build.0 = Release|x64
		{4B78DA9E-10A4-4475-B785-469A274AB5C4}.Release|x86.ActiveCfg = Release|Win32
		{4B78DA9E-10A4-4475-B785-469A274AB5C4}.Release|x86.Build.0 = Release|Win32
		{0316A855-26D6-4E66-A656-C15805CB71A0}.Debug|x64.ActiveCfg = Debug|x64
		{0316A855-26D6-4E66-A656-C15805CB71A0}.Debug|x64.Build.0 = Debug|x64
		{0316A855-26D6-4E66-A656-C15805CB71A0}.Debug|x86.ActiveCfg = Debug|Win32
		{0316A855-26D6-4E66-A656-C15805CB71A0}.Debug|x86.Build.0 = Debug|Win32
		{0316A855-26D6-4E66-A656-C15805CB71A0}.Release|x64.ActiveCfg = Release|x64
		{0316A855-26D6-4E66-A656-C15805CB71A0}.Release|x64.Build.0 = Release|x64
		{0316A855-26D6-4E66-A656-C15805CB71A0}.Release|x86.ActiveCfg = Release|Win32
		{0316A855-26D6-4E66-A656-C15805CB71A0}.Release|x86.Build.0 = Release|Win32
		{C9C0FE76-421D-4F9F-87B6-081A0B5AFD99}.Debug|x64.ActiveCfg = Debug|x64
		{C9C0FE76-421D-4F9F-87B6-081A0B5AFD99}.Debug|x64.Build.0 = Debug|x64
		{C9C0FE76-421D-4F9F-87B6-081A0B5AFD99}.Debug|x86.ActiveCfg = Debug|Win32
		{C9C0FE76-421D-4F9F-87B6-081A0B5AFD99}.Debug|x86.Build.0 = Debug|Win32
		{C9C0FE76-421D-4F9F-87B6-081A0B5AFD99}.Release|x64.ActiveCfg = Release|x64
		{C9C0FE76-421D-4F9F-87B6-081A0B5AFD99}.Release|x64.Build.0 = Release|x64
		{C9C0FE76-421D-4F9F-87B6-081A0B5AFD99}.Release|x86.ActiveCfg = Release|Win32
		{C9C0FE76-421D-4F9F-87B6-081A0B5AFD99}.Release|x86.Build.0 = Release|Win32
		{221594AD-C2DF-4936-AC99-089937515661}.Debug|x64.ActiveCfg = Debug|x64
		{221594AD-C2DF-4936-AC99-089937515661}.Debug|x64.Build.0 = Debug|x64
		{221594AD-C2DF-4936-AC99-089937515661}.Debug|x86.ActiveCfg = Debug|Win32
		{221594AD-C2DF-4936-AC99-089937515661}.Debug|x86.Build.0 = Debug|Win32
		{221594AD-C2DF-4936-AC99-089937515661}.Release|x64.ActiveCfg = Release|x64
		{221594AD-C2DF-4936-AC99-089937515661}.Release|x64.Build.0 = Release|x64
		{221594AD-C2DF-4936-AC99-089937515661}.Release|x86.ActiveCfg = Release|Win32
		{221594AD-C2DF-4936-AC99-089937515661}.Release|x86.Build.0 = Release|Win32
		{0C85F0EF-5AD6-4532-A8F2-3C2B36A671C0}.Debug|x64.ActiveCfg = Debug|x64
		{0C85F0EF-5AD6-4532-A8F2-3C2B36A671C0}.Debug|x64.Build.0 = Debug|x64
		{0C85F0EF-5AD6-4532-A8F2-3C2B36A671C0}.Debug|x86.ActiveCfg = Debug|Win32
		{0C85F0EF-5AD6-4532-A8F2-3C2B36A671C0}.Debug|x86.Build.0 = Debug|Win32
		{0C85F0EF-5AD6-4532-A8F2-3C2B36A671C0}.Release|x64.ActiveCfg = Release|x64
		{0C85F0EF-5AD6-4532-A8F2-3C2B36A671C0}.Release|x64.Build.0 = Release|x64
		{0C85F0EF-5AD6-4532-A8F2-3C2B36A671C0}.Release|x86.ActiveCfg = Release|Win32
		{0C85F0EF-5AD6-4532-A8F2-3C2B36A671C0}.Release|x86.Build.0 = Release|Win32
	EndGlobalSection
	GlobalSection(SolutionProperties) = preSolution
		HideSolutionNode = FALSE
	EndGlobalSection
	GlobalSection(ExtensibilityGlobals) = postSolution
		SolutionGuid = {D9E526A3-0E2D-4F87-AB52-9FD1A4CDE54E}
	EndGlobalSection
EndGlobal
