
Microsoft Visual Studio Solution File, Format Version 12.00
# Visual Studio Version 17
VisualStudioVersion = 17.13.35825.156
MinimumVisualStudioVersion = 10.0.40219.1
Project("{8BC9CEB8-8B4A-11D0-8D11-00A0C91BC942}") = "S02", "S02\S02.vcxproj", "{79C9B6F3-AE93-467E-8395-648FAFF5C6D9}"
	ProjectSection(ProjectDependencies) = postProject
		{AF8F886B-C81F-4655-B325-CE29639CB410} = {AF8F886B-C81F-4655-B325-CE29639CB410}
	EndProjectSection
EndProject
Project("{8BC9CEB8-8B4A-11D0-8D11-00A0C91BC942}") = "Shared", "Shared\Shared.vcxproj", "{AF8F886B-C81F-4655-B325-CE29639CB410}"
EndProject
Project("{8BC9CEB8-8B4A-11D0-8D11-00A0C91BC942}") = "S03", "S03\S03.vcxproj", "{82477F5D-4BA3-4EB7-8416-136E3BEA3041}"
	ProjectSection(ProjectDependencies) = postProject
		{AF8F886B-C81F-4655-B325-CE29639CB410} = {AF8F886B-C81F-4655-B325-CE29639CB410}
	EndProjectSection
EndProject
Project("{8BC9CEB8-8B4A-11D0-8D11-00A0C91BC942}") = "S05", "S05\S05.vcxproj", "{7B8E24E6-0BAC-419C-89A4-DD7C2CA9240F}"
EndProject
Project("{8BC9CEB8-8B4A-11D0-8D11-00A0C91BC942}") = "S06", "S06\S06.vcxproj", "{7BF5AE0F-662B-47F5-A571-CB603907278F}"
EndProject
Project("{8BC9CEB8-8B4A-11D0-8D11-00A0C91BC942}") = "S07_Test", "S07_Test\S07_Test.vcxproj", "{C538E325-4E88-42AC-B77E-6464AD4113AE}"
EndProject
Project("{8BC9CEB8-8B4A-11D0-8D11-00A0C91BC942}") = "S08", "S08\S08.vcxproj", "{12F3776E-F99E-4CEC-8D19-B0A9AB47A953}"
EndProject
Project("{8BC9CEB8-8B4A-11D0-8D11-00A0C91BC942}") = "S09", "S09\S09.vcxproj", "{C024B746-ED65-49D3-9CF1-D344E98116DB}"
EndProject
Project("{8BC9CEB8-8B4A-11D0-8D11-00A0C91BC942}") = "S11", "S11\S11.vcxproj", "{7C99CF1A-F394-40F4-B9DA-B132D7567231}"
EndProject
Project("{8BC9CEB8-8B4A-11D0-8D11-00A0C91BC942}") = "S12", "S12\S12.vcxproj", "{EDC0D322-F049-47FC-AFA0-CA0D15F13EAD}"
EndProject
Project("{8BC9CEB8-8B4A-11D0-8D11-00A0C91BC942}") = "S13_Test", "S13_Test\S13_Test.vcxproj", "{0A534F2F-791B-4448-88F6-8C4D4AF22D3E}"
EndProject
Project("{8BC9CEB8-8B4A-11D0-8D11-00A0C91BC942}") = "S13_Test_Credit", "S13_Test_Credit\S13_Test_Credit.vcxproj", "{37BC27C0-650D-4D38-BB9F-8770AD73F9FF}"
EndProject
Global
	GlobalSection(SolutionConfigurationPlatforms) = preSolution
		Debug|x64 = Debug|x64
		Debug|x86 = Debug|x86
		Release|x64 = Release|x64
		Release|x86 = Release|x86
	EndGlobalSection
	GlobalSection(ProjectConfigurationPlatforms) = postSolution
		{79C9B6F3-AE93-467E-8395-648FAFF5C6D9}.Debug|x64.ActiveCfg = Debug|x64
		{79C9B6F3-AE93-467E-8395-648FAFF5C6D9}.Debug|x64.Build.0 = Debug|x64
		{79C9B6F3-AE93-467E-8395-648FAFF5C6D9}.Debug|x86.ActiveCfg = Debug|Win32
		{79C9B6F3-AE93-467E-8395-648FAFF5C6D9}.Debug|x86.Build.0 = Debug|Win32
		{79C9B6F3-AE93-467E-8395-648FAFF5C6D9}.Release|x64.ActiveCfg = Release|x64
		{79C9B6F3-AE93-467E-8395-648FAFF5C6D9}.Release|x64.Build.0 = Release|x64
		{79C9B6F3-AE93-467E-8395-648FAFF5C6D9}.Release|x86.ActiveCfg = Release|Win32
		{79C9B6F3-AE93-467E-8395-648FAFF5C6D9}.Release|x86.Build.0 = Release|Win32
		{AF8F886B-C81F-4655-B325-CE29639CB410}.Debug|x64.ActiveCfg = Debug|x64
		{AF8F886B-C81F-4655-B325-CE29639CB410}.Debug|x64.Build.0 = Debug|x64
		{AF8F886B-C81F-4655-B325-CE29639CB410}.Debug|x86.ActiveCfg = Debug|Win32
		{AF8F886B-C81F-4655-B325-CE29639CB410}.Debug|x86.Build.0 = Debug|Win32
		{AF8F886B-C81F-4655-B325-CE29639CB410}.Release|x64.ActiveCfg = Release|x64
		{AF8F886B-C81F-4655-B325-CE29639CB410}.Release|x64.Build.0 = Release|x64
		{AF8F886B-C81F-4655-B325-CE29639CB410}.Release|x86.ActiveCfg = Release|Win32
		{AF8F886B-C81F-4655-B325-CE29639CB410}.Release|x86.Build.0 = Release|Win32
		{82477F5D-4BA3-4EB7-8416-136E3BEA3041}.Debug|x64.ActiveCfg = Debug|x64
		{82477F5D-4BA3-4EB7-8416-136E3BEA3041}.Debug|x64.Build.0 = Debug|x64
		{82477F5D-4BA3-4EB7-8416-136E3BEA3041}.Debug|x86.ActiveCfg = Debug|Win32
		{82477F5D-4BA3-4EB7-8416-136E3BEA3041}.Debug|x86.Build.0 = Debug|Win32
		{82477F5D-4BA3-4EB7-8416-136E3BEA3041}.Release|x64.ActiveCfg = Release|x64
		{82477F5D-4BA3-4EB7-8416-136E3BEA3041}.Release|x64.Build.0 = Release|x64
		{82477F5D-4BA3-4EB7-8416-136E3BEA3041}.Release|x86.ActiveCfg = Release|Win32
		{82477F5D-4BA3-4EB7-8416-136E3BEA3041}.Release|x86.Build.0 = Release|Win32
		{7B8E24E6-0BAC-419C-89A4-DD7C2CA9240F}.Debug|x64.ActiveCfg = Debug|x64
		{7B8E24E6-0BAC-419C-89A4-DD7C2CA9240F}.Debug|x64.Build.0 = Debug|x64
		{7B8E24E6-0BAC-419C-89A4-DD7C2CA9240F}.Debug|x86.ActiveCfg = Debug|Win32
		{7B8E24E6-0BAC-419C-89A4-DD7C2CA9240F}.Debug|x86.Build.0 = Debug|Win32
		{7B8E24E6-0BAC-419C-89A4-DD7C2CA9240F}.Release|x64.ActiveCfg = Release|x64
		{7B8E24E6-0BAC-419C-89A4-DD7C2CA9240F}.Release|x64.Build.0 = Release|x64
		{7B8E24E6-0BAC-419C-89A4-DD7C2CA9240F}.Release|x86.ActiveCfg = Release|Win32
		{7B8E24E6-0BAC-419C-89A4-DD7C2CA9240F}.Release|x86.Build.0 = Release|Win32
		{7BF5AE0F-662B-47F5-A571-CB603907278F}.Debug|x64.ActiveCfg = Debug|x64
		{7BF5AE0F-662B-47F5-A571-CB603907278F}.Debug|x64.Build.0 = Debug|x64
		{7BF5AE0F-662B-47F5-A571-CB603907278F}.Debug|x86.ActiveCfg = Debug|Win32
		{7BF5AE0F-662B-47F5-A571-CB603907278F}.Debug|x86.Build.0 = Debug|Win32
		{7BF5AE0F-662B-47F5-A571-CB603907278F}.Release|x64.ActiveCfg = Release|x64
		{7BF5AE0F-662B-47F5-A571-CB603907278F}.Release|x64.Build.0 = Release|x64
		{7BF5AE0F-662B-47F5-A571-CB603907278F}.Release|x86.ActiveCfg = Release|Win32
		{7BF5AE0F-662B-47F5-A571-CB603907278F}.Release|x86.Build.0 = Release|Win32
		{C538E325-4E88-42AC-B77E-6464AD4113AE}.Debug|x64.ActiveCfg = Debug|x64
		{C538E325-4E88-42AC-B77E-6464AD4113AE}.Debug|x64.Build.0 = Debug|x64
		{C538E325-4E88-42AC-B77E-6464AD4113AE}.Debug|x86.ActiveCfg = Debug|Win32
		{C538E325-4E88-42AC-B77E-6464AD4113AE}.Debug|x86.Build.0 = Debug|Win32
		{C538E325-4E88-42AC-B77E-6464AD4113AE}.Release|x64.ActiveCfg = Release|x64
		{C538E325-4E88-42AC-B77E-6464AD4113AE}.Release|x64.Build.0 = Release|x64
		{C538E325-4E88-42AC-B77E-6464AD4113AE}.Release|x86.ActiveCfg = Release|Win32
		{C538E325-4E88-42AC-B77E-6464AD4113AE}.Release|x86.Build.0 = Release|Win32
		{12F3776E-F99E-4CEC-8D19-B0A9AB47A953}.Debug|x64.ActiveCfg = Debug|x64
		{12F3776E-F99E-4CEC-8D19-B0A9AB47A953}.Debug|x64.Build.0 = Debug|x64
		{12F3776E-F99E-4CEC-8D19-B0A9AB47A953}.Debug|x86.ActiveCfg = Debug|Win32
		{12F3776E-F99E-4CEC-8D19-B0A9AB47A953}.Debug|x86.Build.0 = Debug|Win32
		{12F3776E-F99E-4CEC-8D19-B0A9AB47A953}.Release|x64.ActiveCfg = Release|x64
		{12F3776E-F99E-4CEC-8D19-B0A9AB47A953}.Release|x64.Build.0 = Release|x64
		{12F3776E-F99E-4CEC-8D19-B0A9AB47A953}.Release|x86.ActiveCfg = Release|Win32
		{12F3776E-F99E-4CEC-8D19-B0A9AB47A953}.Release|x86.Build.0 = Release|Win32
		{C024B746-ED65-49D3-9CF1-D344E98116DB}.Debug|x64.ActiveCfg = Debug|x64
		{C024B746-ED65-49D3-9CF1-D344E98116DB}.Debug|x64.Build.0 = Debug|x64
		{C024B746-ED65-49D3-9CF1-D344E98116DB}.Debug|x86.ActiveCfg = Debug|Win32
		{C024B746-ED65-49D3-9CF1-D344E98116DB}.Debug|x86.Build.0 = Debug|Win32
		{C024B746-ED65-49D3-9CF1-D344E98116DB}.Release|x64.ActiveCfg = Release|x64
		{C024B746-ED65-49D3-9CF1-D344E98116DB}.Release|x64.Build.0 = Release|x64
		{C024B746-ED65-49D3-9CF1-D344E98116DB}.Release|x86.ActiveCfg = Release|Win32
		{C024B746-ED65-49D3-9CF1-D344E98116DB}.Release|x86.Build.0 = Release|Win32
		{7C99CF1A-F394-40F4-B9DA-B132D7567231}.Debug|x64.ActiveCfg = Debug|x64
		{7C99CF1A-F394-40F4-B9DA-B132D7567231}.Debug|x64.Build.0 = Debug|x64
		{7C99CF1A-F394-40F4-B9DA-B132D7567231}.Debug|x86.ActiveCfg = Debug|Win32
		{7C99CF1A-F394-40F4-B9DA-B132D7567231}.Debug|x86.Build.0 = Debug|Win32
		{7C99CF1A-F394-40F4-B9DA-B132D7567231}.Release|x64.ActiveCfg = Release|x64
		{7C99CF1A-F394-40F4-B9DA-B132D7567231}.Release|x64.Build.0 = Release|x64
		{7C99CF1A-F394-40F4-B9DA-B132D7567231}.Release|x86.ActiveCfg = Release|Win32
		{7C99CF1A-F394-40F4-B9DA-B132D7567231}.Release|x86.Build.0 = Release|Win32
		{EDC0D322-F049-47FC-AFA0-CA0D15F13EAD}.Debug|x64.ActiveCfg = Debug|x64
		{EDC0D322-F049-47FC-AFA0-CA0D15F13EAD}.Debug|x64.Build.0 = Debug|x64
		{EDC0D322-F049-47FC-AFA0-CA0D15F13EAD}.Debug|x86.ActiveCfg = Debug|Win32
		{EDC0D322-F049-47FC-AFA0-CA0D15F13EAD}.Debug|x86.Build.0 = Debug|Win32
		{EDC0D322-F049-47FC-AFA0-CA0D15F13EAD}.Release|x64.ActiveCfg = Release|x64
		{EDC0D322-F049-47FC-AFA0-CA0D15F13EAD}.Release|x64.Build.0 = Release|x64
		{EDC0D322-F049-47FC-AFA0-CA0D15F13EAD}.Release|x86.ActiveCfg = Release|Win32
		{EDC0D322-F049-47FC-AFA0-CA0D15F13EAD}.Release|x86.Build.0 = Release|Win32
		{0A534F2F-791B-4448-88F6-8C4D4AF22D3E}.Debug|x64.ActiveCfg = Debug|x64
		{0A534F2F-791B-4448-88F6-8C4D4AF22D3E}.Debug|x64.Build.0 = Debug|x64
		{0A534F2F-791B-4448-88F6-8C4D4AF22D3E}.Debug|x86.ActiveCfg = Debug|Win32
		{0A534F2F-791B-4448-88F6-8C4D4AF22D3E}.Debug|x86.Build.0 = Debug|Win32
		{0A534F2F-791B-4448-88F6-8C4D4AF22D3E}.Release|x64.ActiveCfg = Release|x64
		{0A534F2F-791B-4448-88F6-8C4D4AF22D3E}.Release|x64.Build.0 = Release|x64
		{0A534F2F-791B-4448-88F6-8C4D4AF22D3E}.Release|x86.ActiveCfg = Release|Win32
		{0A534F2F-791B-4448-88F6-8C4D4AF22D3E}.Release|x86.Build.0 = Release|Win32
		{37BC27C0-650D-4D38-BB9F-8770AD73F9FF}.Debug|x64.ActiveCfg = Debug|x64
		{37BC27C0-650D-4D38-BB9F-8770AD73F9FF}.Debug|x64.Build.0 = Debug|x64
		{37BC27C0-650D-4D38-BB9F-8770AD73F9FF}.Debug|x86.ActiveCfg = Debug|Win32
		{37BC27C0-650D-4D38-BB9F-8770AD73F9FF}.Debug|x86.Build.0 = Debug|Win32
		{37BC27C0-650D-4D38-BB9F-8770AD73F9FF}.Release|x64.ActiveCfg = Release|x64
		{37BC27C0-650D-4D38-BB9F-8770AD73F9FF}.Release|x64.Build.0 = Release|x64
		{37BC27C0-650D-4D38-BB9F-8770AD73F9FF}.Release|x86.ActiveCfg = Release|Win32
		{37BC27C0-650D-4D38-BB9F-8770AD73F9FF}.Release|x86.Build.0 = Release|Win32
	EndGlobalSection
	GlobalSection(SolutionProperties) = preSolution
		HideSolutionNode = FALSE
	EndGlobalSection
	GlobalSection(ExtensibilityGlobals) = postSolution
		SolutionGuid = {F3688F47-45C2-4873-A376-598DFE87A8D0}
	EndGlobalSection
EndGlobal
