
Microsoft Visual Studio Solution File, Format Version 12.00
# Visual Studio Version 17
VisualStudioVersion = 17.13.35825.156 d17.13
MinimumVisualStudioVersion = 10.0.40219.1
Project("{8BC9CEB8-8B4A-11D0-8D11-00A0C91BC942}") = "S02", "S02\S02.vcxproj", "{79C9B6F3-AE93-467E-8395-648FAFF5C6D9}"
EndProject
Project("{8BC9CEB8-8B4A-11D0-8D11-00A0C91BC942}") = "Shared", "Shared\Shared.vcxproj", "{AF8F886B-C81F-4655-B325-CE29639CB410}"
EndProject
Global
	GlobalSection(SolutionConfigurationPlatforms) = preSolution
		Debug|x64 = Debug|x64
		Debug|x86 = Debug|x86
		Release|x64 = Release|x64
		Release|x86 = Release|x86
	EndGlobalSection
	GlobalSection(ProjectConfigurationPlatforms) = postSolution
		{79C9B6F3-AE93-467E-8395-648FAFF5C6D9}.Debug|x64.ActiveCfg = Debug|x64
		{79C9B6F3-AE93-467E-8395-648FAFF5C6D9}.Debug|x64.Build.0 = Debug|x64
		{79C9B6F3-AE93-467E-8395-648FAFF5C6D9}.Debug|x86.ActiveCfg = Debug|Win32
		{79C9B6F3-AE93-467E-8395-648FAFF5C6D9}.Debug|x86.Build.0 = Debug|Win32
		{79C9B6F3-AE93-467E-8395-648FAFF5C6D9}.Release|x64.ActiveCfg = Release|x64
		{79C9B6F3-AE93-467E-8395-648FAFF5C6D9}.Release|x64.Build.0 = Release|x64
		{79C9B6F3-AE93-467E-8395-648FAFF5C6D9}.Release|x86.ActiveCfg = Release|Win32
		{79C9B6F3-AE93-467E-8395-648FAFF5C6D9}.Release|x86.Build.0 = Release|Win32
		{AF8F886B-C81F-4655-B325-CE29639CB410}.Debug|x64.ActiveCfg = Debug|x64
		{AF8F886B-C81F-4655-B325-CE29639CB410}.Debug|x64.Build.0 = Debug|x64
		{AF8F886B-C81F-4655-B325-CE29639CB410}.Debug|x86.ActiveCfg = Debug|Win32
		{AF8F886B-C81F-4655-B325-CE29639CB410}.Debug|x86.Build.0 = Debug|Win32
		{AF8F886B-C81F-4655-B325-CE29639CB410}.Release|x64.ActiveCfg = Release|x64
		{AF8F886B-C81F-4655-B325-CE29639CB410}.Release|x64.Build.0 = Release|x64
		{AF8F886B-C81F-4655-B325-CE29639CB410}.Release|x86.ActiveCfg = Release|Win32
		{AF8F886B-C81F-4655-B325-CE29639CB410}.Release|x86.Build.0 = Release|Win32
	EndGlobalSection
	GlobalSection(SolutionProperties) = preSolution
		HideSolutionNode = FALSE
	EndGlobalSection
	GlobalSection(ExtensibilityGlobals) = postSolution
		SolutionGuid = {F3688F47-45C2-4873-A376-598DFE87A8D0}
	EndGlobalSection
EndGlobal
